// !$*UTF8*$!
{
	archiveVersion = 1;
	classes = {
	};
	objectVersion = 46;
	objects = {

/* Begin PBXBuildFile section */
		C67109E71CFFC0540068D6A0 /* main.m in Sources */ = {isa = PBXBuildFile; fileRef = C67109E61CFFC0540068D6A0 /* main.m */; };
		C67109EA1CFFC0540068D6A0 /* AppDelegate.m in Sources */ = {isa = PBXBuildFile; fileRef = C67109E91CFFC0540068D6A0 /* AppDelegate.m */; };
		C67109ED1CFFC0540068D6A0 /* ViewController.m in Sources */ = {isa = PBXBuildFile; fileRef = C67109EC1CFFC0540068D6A0 /* ViewController.m */; };
		C67109F01CFFC0540068D6A0 /* Main.storyboard in Resources */ = {isa = PBXBuildFile; fileRef = C67109EE1CFFC0540068D6A0 /* Main.storyboard */; };
		C67109F21CFFC0540068D6A0 /* Assets.xcassets in Resources */ = {isa = PBXBuildFile; fileRef = C67109F11CFFC0540068D6A0 /* Assets.xcassets */; };
		C67109F51CFFC0540068D6A0 /* LaunchScreen.storyboard in Resources */ = {isa = PBXBuildFile; fileRef = C67109F31CFFC0540068D6A0 /* LaunchScreen.storyboard */; };
/* End PBXBuildFile section */

/* Begin PBXFileReference section */
		C67109E21CFFC0540068D6A0 /* 小厨房01.app */ = {isa = PBXFileReference; explicitFileType = wrapper.application; includeInIndex = 0; path = "小厨房01.app"; sourceTree = BUILT_PRODUCTS_DIR; };
		C67109E61CFFC0540068D6A0 /* main.m */ = {isa = PBXFileReference; lastKnownFileType = sourcecode.c.objc; path = main.m; sourceTree = "<group>"; };
		C67109E81CFFC0540068D6A0 /* AppDelegate.h */ = {isa = PBXFileReference; lastKnownFileType = sourcecode.c.h; path = AppDelegate.h; sourceTree = "<group>"; };
		C67109E91CFFC0540068D6A0 /* AppDelegate.m */ = {isa = PBXFileReference; lastKnownFileType = sourcecode.c.objc; path = AppDelegate.m; sourceTree = "<group>"; };
		C67109EB1CFFC0540068D6A0 /* ViewController.h */ = {isa = PBXFileReference; lastKnownFileType = sourcecode.c.h; path = ViewController.h; sourceTree = "<group>"; };
		C67109EC1CFFC0540068D6A0 /* ViewController.m */ = {isa = PBXFileReference; lastKnownFileType = sourcecode.c.objc; path = ViewController.m; sourceTree = "<group>"; };
		C67109EF1CFFC0540068D6A0 /* Base */ = {isa = PBXFileReference; lastKnownFileType = file.storyboard; name = Base; path = Base.lproj/Main.storyboard; sourceTree = "<group>"; };
		C67109F11CFFC0540068D6A0 /* Assets.xcassets */ = {isa = PBXFileReference; lastKnownFileType = folder.assetcatalog; path = Assets.xcassets; sourceTree = "<group>"; };
		C67109F41CFFC0540068D6A0 /* Base */ = {isa = PBXFileReference; lastKnownFileType = file.storyboard; name = Base; path = Base.lproj/LaunchScreen.storyboard; sourceTree = "<group>"; };
		C67109F61CFFC0540068D6A0 /* Info.plist */ = {isa = PBXFileReference; lastKnownFileType = text.plist.xml; path = Info.plist; sourceTree = "<group>"; };
/* End PBXFileReference section */

/* Begin PBXFrameworksBuildPhase section */
		C67109DF1CFFC0540068D6A0 /* Frameworks */ = {
			isa = PBXFrameworksBuildPhase;
			buildActionMask = 2147483647;
			files = (
			);
			runOnlyForDeploymentPostprocessing = 0;
		};
/* End PBXFrameworksBuildPhase section */

/* Begin PBXGroup section */
		C67109D91CFFC0540068D6A0 = {
			isa = PBXGroup;
			children = (
				C67109E41CFFC0540068D6A0 /* 小厨房01 */,
				C67109E31CFFC0540068D6A0 /* Products */,
			);
			sourceTree = "<group>";
		};
		C67109E31CFFC0540068D6A0 /* Products */ = {
			isa = PBXGroup;
			children = (
				C67109E21CFFC0540068D6A0 /* 小厨房01.app */,
			);
			name = Products;
			sourceTree = "<group>";
		};
		C67109E41CFFC0540068D6A0 /* 小厨房01 */ = {
			isa = PBXGroup;
			children = (
				C67109E81CFFC0540068D6A0 /* AppDelegate.h */,
				C67109E91CFFC0540068D6A0 /* AppDelegate.m */,
				C67109EB1CFFC0540068D6A0 /* ViewController.h */,
				C67109EC1CFFC0540068D6A0 /* ViewController.m */,
				C67109EE1CFFC0540068D6A0 /* Main.storyboard */,
				C67109F11CFFC0540068D6A0 /* Assets.xcassets */,
				C67109F31CFFC0540068D6A0 /* LaunchScreen.storyboard */,
				C67109F61CFFC0540068D6A0 /* Info.plist */,
				C67109E51CFFC0540068D6A0 /* Supporting Files */,
			);
			path = "小厨房01";
			sourceTree = "<group>";
		};
		C67109E51CFFC0540068D6A0 /* Supporting Files */ = {
			isa = PBXGroup;
			children = (
				C67109E61CFFC0540068D6A0 /* main.m */,
			);
			name = "Supporting Files";
			sourceTree = "<group>";
		};
/* End PBXGroup section */

/* Begin PBXNativeTarget section */
		C67109E11CFFC0540068D6A0 /* 小厨房01 */ = {
			isa = PBXNativeTarget;
			buildConfigurationList = C67109F91CFFC0540068D6A0 /* Build configuration list for PBXNativeTarget "小厨房01" */;
			buildPhases = (
				C67109DE1CFFC0540068D6A0 /* Sources */,
				C67109DF1CFFC0540068D6A0 /* Frameworks */,
				C67109E01CFFC0540068D6A0 /* Resources */,
			);
			buildRules = (
			);
			dependencies = (
			);
			name = "小厨房01";
			productName = "小厨房01";
			productReference = C67109E21CFFC0540068D6A0 /* 小厨房01.app */;
			productType = "com.apple.product-type.application";
		};
/* End PBXNativeTarget section */

/* Begin PBXProject section */
		C67109DA1CFFC0540068D6A0 /* Project object */ = {
			isa = PBXProject;
			attributes = {
				LastUpgradeCheck = 0720;
				ORGANIZATIONNAME = BEVER;
				TargetAttributes = {
					C67109E11CFFC0540068D6A0 = {
						CreatedOnToolsVersion = 7.2.1;
						DevelopmentTeam = D3Y496V7ER;
					};
				};
			};
			buildConfigurationList = C67109DD1CFFC0540068D6A0 /* Build configuration list for PBXProject "小厨房01" */;
			compatibilityVersion = "Xcode 3.2";
			developmentRegion = English;
			hasScannedForEncodings = 0;
			knownRegions = (
				en,
				Base,
			);
			mainGroup = C67109D91CFFC0540068D6A0;
			productRefGroup = C67109E31CFFC0540068D6A0 /* Products */;
			projectDirPath = "";
			projectRoot = "";
			targets = (
				C67109E11CFFC0540068D6A0 /* 小厨房01 */,
			);
		};
/* End PBXProject section */

/* Begin PBXResourcesBuildPhase section */
		C67109E01CFFC0540068D6A0 /* Resources */ = {
			isa = PBXResourcesBuildPhase;
			buildActionMask = 2147483647;
			files = (
				C67109F51CFFC0540068D6A0 /* LaunchScreen.storyboard in Resources */,
				C67109F21CFFC0540068D6A0 /* Assets.xcassets in Resources */,
				C67109F01CFFC0540068D6A0 /* Main.storyboard in Resources */,
			);
			runOnlyForDeploymentPostprocessing = 0;
		};
/* End PBXResourcesBuildPhase section */

/* Begin PBXSourcesBuildPhase section */
		C67109DE1CFFC0540068D6A0 /* Sources */ = {
			isa = PBXSourcesBuildPhase;
			buildActionMask = 2147483647;
			files = (
				C67109ED1CFFC0540068D6A0 /* ViewController.m in Sources */,
				C67109EA1CFFC0540068D6A0 /* AppDelegate.m in Sources */,
				C67109E71CFFC0540068D6A0 /* main.m in Sources */,
			);
			runOnlyForDeploymentPostprocessing = 0;
		};
/* End PBXSourcesBuildPhase section */

/* Begin PBXVariantGroup section */
		C67109EE1CFFC0540068D6A0 /* Main.storyboard */ = {
			isa = PBXVariantGroup;
			children = (
				C67109EF1CFFC0540068D6A0 /* Base */,
			);
			name = Main.storyboard;
			sourceTree = "<group>";
		};
		C67109F31CFFC0540068D6A0 /* LaunchScreen.storyboard */ = {
			isa = PBXVariantGroup;
			children = (
				C67109F41CFFC0540068D6A0 /* Base */,
			);
			name = LaunchScreen.storyboard;
			sourceTree = "<group>";
		};
/* End PBXVariantGroup section */

/* Begin XCBuildConfiguration section */
		C67109F71CFFC0540068D6A0 /* Debug */ = {
			isa = XCBuildConfiguration;
			buildSettings = {
				ALWAYS_SEARCH_USER_PATHS = NO;
				CLANG_CXX_LANGUAGE_STANDARD = "gnu++0x";
				CLANG_CXX_LIBRARY = "libc++";
				CLANG_ENABLE_MODULES = YES;
				CLANG_ENABLE_OBJC_ARC = YES;
				CLANG_WARN_BOOL_CONVERSION = YES;
				CLANG_WARN_CONSTANT_CONVERSION = YES;
				CLANG_WARN_DIRECT_OBJC_ISA_USAGE = YES_ERROR;
				CLANG_WARN_EMPTY_BODY = YES;
				CLANG_WARN_ENUM_CONVERSION = YES;
				CLANG_WARN_INT_CONVERSION = YES;
				CLANG_WARN_OBJC_ROOT_CLASS = YES_ERROR;
				CLANG_WARN_UNREACHABLE_CODE = YES;
				CLANG_WARN__DUPLICATE_METHOD_MATCH = YES;
				"CODE_SIGN_IDENTITY[sdk=iphoneos*]" = "iPhone Developer";
				COPY_PHASE_STRIP = NO;
				DEBUG_INFORMATION_FORMAT = dwarf;
				ENABLE_STRICT_OBJC_MSGSEND = YES;
				ENABLE_TESTABILITY = YES;
				GCC_C_LANGUAGE_STANDARD = gnu99;
				GCC_DYNAMIC_NO_PIC = NO;
				GCC_NO_COMMON_BLOCKS = YES;
				GCC_OPTIMIZATION_LEVEL = 0;
				GCC_PREPROCESSOR_DEFINITIONS = (
					"DEBUG=1",
					"$(inherited)",
				);
				GCC_WARN_64_TO_32_BIT_CONVERSION = YES;
				GCC_WARN_ABOUT_RETURN_TYPE = YES_ERROR;
				GCC_WARN_UNDECLARED_SELECTOR = YES;
				GCC_WARN_UNINITIALIZED_AUTOS = YES_AGGRESSIVE;
				GCC_WARN_UNUSED_FUNCTION = YES;
				GCC_WARN_UNUSED_VARIABLE = YES;
				IPHONEOS_DEPLOYMENT_TARGET = 9.2;
				MTL_ENABLE_DEBUG_INFO = YES;
				ONLY_ACTIVE_ARCH = YES;
				SDKROOT = iphoneos;
				TARGETED_DEVICE_FAMILY = "1,2";
			};
			name = Debug;
		};
		C67109F81CFFC0540068D6A0 /* Release */ = {
			isa = XCBuildConfiguration;
			buildSettings = {
				ALWAYS_SEARCH_USER_PATHS = NO;
				CLANG_CXX_LANGUAGE_STANDARD = "gnu++0x";
				CLANG_CXX_LIBRARY = "libc++";
				CLANG_ENABLE_MODULES = YES;
				CLANG_ENABLE_OBJC_ARC = YES;
				CLANG_WARN_BOOL_CONVERSION = YES;
				CLANG_WARN_CONSTANT_CONVERSION = YES;
				CLANG_WARN_DIRECT_OBJC_ISA_USAGE = YES_ERROR;
				CLANG_WARN_EMPTY_BODY = YES;
				CLANG_WARN_ENUM_CONVERSION = YES;
				CLANG_WARN_INT_CONVERSION = YES;
				CLANG_WARN_OBJC_ROOT_CLASS = YES_ERROR;
				CLANG_WARN_UNREACHABLE_CODE = YES;
				CLANG_WARN__DUPLICATE_METHOD_MATCH = YES;
				"CODE_SIGN_IDENTITY[sdk=iphoneos*]" = "iPhone Developer";
				COPY_PHASE_STRIP = NO;
				DEBUG_INFORMATION_FORMAT = "dwarf-with-dsym";
				ENABLE_NS_ASSERTIONS = NO;
				ENABLE_STRICT_OBJC_MSGSEND = YES;
				GCC_C_LANGUAGE_STANDARD = gnu99;
				GCC_NO_COMMON_BLOCKS = YES;
				GCC_WARN_64_TO_32_BIT_CONVERSION = YES;
				GCC_WARN_ABOUT_RETURN_TYPE = YES_ERROR;
				GCC_WARN_UNDECLARED_SELECTOR = YES;
				GCC_WARN_UNINITIALIZED_AUTOS = YES_AGGRESSIVE;
				GCC_WARN_UNUSED_FUNCTION = YES;
				GCC_WARN_UNUSED_VARIABLE = YES;
				IPHONEOS_DEPLOYMENT_TARGET = 9.2;
				MTL_ENABLE_DEBUG_INFO = NO;
				SDKROOT = iphoneos;
				TARGETED_DEVICE_FAMILY = "1,2";
				VALIDATE_PRODUCT = YES;
			};
			name = Release;
		};
		C67109FA1CFFC0540068D6A0 /* Debug */ = {
			isa = XCBuildConfiguration;
			buildSettings = {
				ASSETCATALOG_COMPILER_APPICON_NAME = AppIcon;
				INFOPLIST_FILE = "小厨房01/Info.plist";
				LD_RUNPATH_SEARCH_PATHS = "$(inherited) @executable_path/Frameworks";
				PRODUCT_BUNDLE_IDENTIFIER = "AAA.---01";
				PRODUCT_NAME = "$(TARGET_NAME)";
			};
			name = Debug;
		};
		C67109FB1CFFC0540068D6A0 /* Release */ = {
			isa = XCBuildConfiguration;
			buildSettings = {
				ASSETCATALOG_COMPILER_APPICON_NAME = AppIcon;
				INFOPLIST_FILE = "小厨房01/Info.plist";
				LD_RUNPATH_SEARCH_PATHS = "$(inherited) @executable_path/Frameworks";
				PRODUCT_BUNDLE_IDENTIFIER = "AAA.---01";
				PRODUCT_NAME = "$(TARGET_NAME)";
			};
			name = Release;
		};
/* End XCBuildConfiguration section */

/* Begin XCConfigurationList section */
		C67109DD1CFFC0540068D6A0 /* Build configuration list for PBXProject "小厨房01" */ = {
			isa = XCConfigurationList;
			buildConfigurations = (
				C67109F71CFFC0540068D6A0 /* Debug */,
				C67109F81CFFC0540068D6A0 /* Release */,
			);
			defaultConfigurationIsVisible = 0;
			defaultConfigurationName = Release;
		};
		C67109F91CFFC0540068D6A0 /* Build configuration list for PBXNativeTarget "小厨房01" */ = {
			isa = XCConfigurationList;
			buildConfigurations = (
				C67109FA1CFFC0540068D6A0 /* Debug */,
				C67109FB1CFFC0540068D6A0 /* Release */,
			);
			defaultConfigurationIsVisible = 0;
		};
/* End XCConfigurationList section */
	};
	rootObject = C67109DA1CFFC0540068D6A0 /* Project object */;
}
